
Microsoft Visual Studio Solution File, Format Version 12.00
# Visual Studio Version 16
VisualStudioVersion = 16.0.31613.86
MinimumVisualStudioVersion = 10.0.40219.1
Project("{FAE04EC0-301F-11D3-BF4B-00C04F79EFBC}") = "do an quan ly san bong", "do an quan ly san bong\do an quan ly san bong.csproj", "{C77896B2-FFF5-4959-A14C-15409F31E8CD}"
EndProject
Global
	GlobalSection(SolutionConfigurationPlatforms) = preSolution
		Debug|Any CPU = Debug|Any CPU
		Release|Any CPU = Release|Any CPU
	EndGlobalSection
	GlobalSection(ProjectConfigurationPlatforms) = postSolution
		{C77896B2-FFF5-4959-A14C-15409F31E8CD}.Debug|Any CPU.ActiveCfg = Debug|Any CPU
		{C77896B2-FFF5-4959-A14C-15409F31E8CD}.Debug|Any CPU.Build.0 = Debug|Any CPU
		{C77896B2-FFF5-4959-A14C-15409F31E8CD}.Release|Any CPU.ActiveCfg = Release|Any CPU
		{C77896B2-FFF5-4959-A14C-15409F31E8CD}.Release|Any CPU.Build.0 = Release|Any CPU
	EndGlobalSection
	GlobalSection(SolutionProperties) = preSolution
		HideSolutionNode = FALSE
	EndGlobalSection
	GlobalSection(ExtensibilityGlobals) = postSolution
		SolutionGuid = {E5C4E03E-023B-4576-A389-C51AA343955C}
	EndGlobalSection
EndGlobal
